
Microsoft Visual Studio Solution File, Format Version 12.00
# Visual Studio Version 17
VisualStudioVersion = 17.6.33829.357
MinimumVisualStudioVersion = 10.0.40219.1
Project("{8BC9CEB8-8B4A-11D0-8D11-00A0C91BC942}") = "Robert_Kus_LRU_Buffer_Pool", "Robert_Kus_LRU_Buffer_Pool\Robert_Kus_LRU_Buffer_Pool.vcxproj", "{BD2048DC-714A-4814-8305-A7DBD7EF7AF6}"
EndProject
Global
	GlobalSection(SolutionConfigurationPlatforms) = preSolution
		Debug|x64 = Debug|x64
		Debug|x86 = Debug|x86
		Release|x64 = Release|x64
		Release|x86 = Release|x86
	EndGlobalSection
	GlobalSection(ProjectConfigurationPlatforms) = postSolution
		{BD2048DC-714A-4814-8305-A7DBD7EF7AF6}.Debug|x64.ActiveCfg = Debug|x64
		{BD2048DC-714A-4814-8305-A7DBD7EF7AF6}.Debug|x64.Build.0 = Debug|x64
		{BD2048DC-714A-4814-8305-A7DBD7EF7AF6}.Debug|x86.ActiveCfg = Debug|Win32
		{BD2048DC-714A-4814-8305-A7DBD7EF7AF6}.Debug|x86.Build.0 = Debug|Win32
		{BD2048DC-714A-4814-8305-A7DBD7EF7AF6}.Release|x64.ActiveCfg = Release|x64
		{BD2048DC-714A-4814-8305-A7DBD7EF7AF6}.Release|x64.Build.0 = Release|x64
		{BD2048DC-714A-4814-8305-A7DBD7EF7AF6}.Release|x86.ActiveCfg = Release|Win32
		{BD2048DC-714A-4814-8305-A7DBD7EF7AF6}.Release|x86.Build.0 = Release|Win32
	EndGlobalSection
	GlobalSection(SolutionProperties) = preSolution
		HideSolutionNode = FALSE
	EndGlobalSection
	GlobalSection(ExtensibilityGlobals) = postSolution
		SolutionGuid = {BF21CF46-6584-4875-A739-ABB78921AD4D}
	EndGlobalSection
EndGlobal
