
Microsoft Visual Studio Solution File, Format Version 12.00
# Visual Studio Version 17
VisualStudioVersion = 17.11.35312.102
MinimumVisualStudioVersion = 10.0.40219.1
Project("{FAE04EC0-301F-11D3-BF4B-00C04F79EFBC}") = "rk_diceAnalyticsAssignment", "rk_diceAnalyticsAssignment.csproj", "{B3FEF672-1CBA-4152-BE5A-630EBD682E98}"
EndProject
Global
	GlobalSection(SolutionConfigurationPlatforms) = preSolution
		Debug|Any CPU = Debug|Any CPU
		Release|Any CPU = Release|Any CPU
	EndGlobalSection
	GlobalSection(ProjectConfigurationPlatforms) = postSolution
		{B3FEF672-1CBA-4152-BE5A-630EBD682E98}.Debug|Any CPU.ActiveCfg = Debug|Any CPU
		{B3FEF672-1CBA-4152-BE5A-630EBD682E98}.Debug|Any CPU.Build.0 = Debug|Any CPU
		{B3FEF672-1CBA-4152-BE5A-630EBD682E98}.Release|Any CPU.ActiveCfg = Release|Any CPU
		{B3FEF672-1CBA-4152-BE5A-630EBD682E98}.Release|Any CPU.Build.0 = Release|Any CPU
	EndGlobalSection
	GlobalSection(SolutionProperties) = preSolution
		HideSolutionNode = FALSE
	EndGlobalSection
	GlobalSection(ExtensibilityGlobals) = postSolution
		SolutionGuid = {C6C52557-11B6-4FFD-BD49-C5BE2EB99B28}
	EndGlobalSection
EndGlobal
